{
    "requires": true,
    "lockfileVersion": 1,
    "dependencies": {
        "simple-line-icons": {
            "version": "2.4.1",
            "resolved": "https://registry.npmjs.org/simple-line-icons/-/simple-line-icons-2.4.1.tgz",
            "integrity": "sha1-t1vFoNh+UwkowszaVzUnS7JW8jQ=",
            "dev": true
        }
    }
}
