{
    "requires": true,
    "lockfileVersion": 1,
    "dependencies": {
        "@fortawesome/fontawesome": {
            "version": "1.1.4",
            "resolved": "https://registry.npmjs.org/@fortawesome/fontawesome/-/fontawesome-1.1.4.tgz",
            "integrity": "sha512-KgmesNO47kpIRBWgy9Tkw62T5stz1PDKn2QNFCuwEuk05zl+NHgy90oZQuww2dXZ24hTOS9YRAx0klE8UBLsxg==",
            "requires": {
                "@fortawesome/fontawesome-common-types": "0.1.3"
            }
        },
        "@fortawesome/fontawesome-common-types": {
            "version": "0.1.3",
            "resolved": "https://registry.npmjs.org/@fortawesome/fontawesome-common-types/-/fontawesome-common-types-0.1.3.tgz",
            "integrity": "sha512-jJXUoNkmHozqlcXzNiYytcmEe3eNxn7Vh8hmnIoRi0TmT3ChQ0osuSApuIObIomnIcvqlA24FCpnamKvfZ7F5g=="
        }
    }
}
